
Microsoft Visual Studio Solution File, Format Version 12.00
# Visual Studio Version 16
VisualStudioVersion = 16.0.31702.278
MinimumVisualStudioVersion = 10.0.40219.1
Project("{FAE04EC0-301F-11D3-BF4B-00C04F79EFBC}") = "TweetBook", "TweetBook\TweetBook.csproj", "{676642B2-3D70-48DF-A4F0-2A1B938B3070}"
EndProject
Global
	GlobalSection(SolutionConfigurationPlatforms) = preSolution
		Debug|Any CPU = Debug|Any CPU
		Release|Any CPU = Release|Any CPU
	EndGlobalSection
	GlobalSection(ProjectConfigurationPlatforms) = postSolution
		{676642B2-3D70-48DF-A4F0-2A1B938B3070}.Debug|Any CPU.ActiveCfg = Debug|Any CPU
		{676642B2-3D70-48DF-A4F0-2A1B938B3070}.Debug|Any CPU.Build.0 = Debug|Any CPU
		{676642B2-3D70-48DF-A4F0-2A1B938B3070}.Release|Any CPU.ActiveCfg = Release|Any CPU
		{676642B2-3D70-48DF-A4F0-2A1B938B3070}.Release|Any CPU.Build.0 = Release|Any CPU
	EndGlobalSection
	GlobalSection(SolutionProperties) = preSolution
		HideSolutionNode = FALSE
	EndGlobalSection
	GlobalSection(ExtensibilityGlobals) = postSolution
		SolutionGuid = {B410C216-9649-48D7-BE36-6BAE2D71BFF2}
	EndGlobalSection
EndGlobal
